
Microsoft Visual Studio Solution File, Format Version 12.00
# Visual Studio Version 17
VisualStudioVersion = 17.5.002.0
MinimumVisualStudioVersion = 10.0.40219.1
Project("{9A19103F-16F7-4668-BE54-9A1E7A4F7556}") = "trilha-net-explorando-desafio", "trilha-net-explorando-desafio.csproj", "{FAC000E3-A69F-43D3-92AB-24F4F79E09F8}"
EndProject
Global
	GlobalSection(SolutionConfigurationPlatforms) = preSolution
		Debug|Any CPU = Debug|Any CPU
		Release|Any CPU = Release|Any CPU
	EndGlobalSection
	GlobalSection(ProjectConfigurationPlatforms) = postSolution
		{FAC000E3-A69F-43D3-92AB-24F4F79E09F8}.Debug|Any CPU.ActiveCfg = Debug|Any CPU
		{FAC000E3-A69F-43D3-92AB-24F4F79E09F8}.Debug|Any CPU.Build.0 = Debug|Any CPU
		{FAC000E3-A69F-43D3-92AB-24F4F79E09F8}.Release|Any CPU.ActiveCfg = Release|Any CPU
		{FAC000E3-A69F-43D3-92AB-24F4F79E09F8}.Release|Any CPU.Build.0 = Release|Any CPU
	EndGlobalSection
	GlobalSection(SolutionProperties) = preSolution
		HideSolutionNode = FALSE
	EndGlobalSection
	GlobalSection(ExtensibilityGlobals) = postSolution
		SolutionGuid = {BB602F6C-8830-4747-A0BB-E4D33209A760}
	EndGlobalSection
EndGlobal
